// !$*UTF8*$!
{
	archiveVersion = 1;
	classes = {
	};
	objectVersion = 56;
	objects = {

/* Begin PBXBuildFile section */
		9400740D2AE8A9510042F816 /* SBDrawer.framework in Frameworks */ = {isa = PBXBuildFile; fileRef = 940074042AE8A9510042F816 /* SBDrawer.framework */; };
		940074432AE8A9B20042F816 /* SBDrawerTests.swift in Sources */ = {isa = PBXBuildFile; fileRef = 940074422AE8A9B20042F816 /* SBDrawerTests.swift */; };
		9400747A2AE8B6870042F816 /* UIViewController+SBDrawer.swift in Sources */ = {isa = PBXBuildFile; fileRef = 940074792AE8B6870042F816 /* UIViewController+SBDrawer.swift */; };
		9400747D2AE8BD0E0042F816 /* Runtime.swift in Sources */ = {isa = PBXBuildFile; fileRef = 9400747C2AE8BD0E0042F816 /* Runtime.swift */; };
		940074802AE8C0450042F816 /* SBDrawer.swift in Sources */ = {isa = PBXBuildFile; fileRef = 9400747F2AE8C0450042F816 /* SBDrawer.swift */; };
		940074842AE8E6830042F816 /* SBDrawerTransitioningController.swift in Sources */ = {isa = PBXBuildFile; fileRef = 940074832AE8E6830042F816 /* SBDrawerTransitioningController.swift */; };
		940074862AE8E86D0042F816 /* SBDrawerPresentationController.swift in Sources */ = {isa = PBXBuildFile; fileRef = 940074852AE8E86D0042F816 /* SBDrawerPresentationController.swift */; };
		940074882AE8EBC20042F816 /* SBDrawerPresentingAnimatedTransitioningController.swift in Sources */ = {isa = PBXBuildFile; fileRef = 940074872AE8EBC20042F816 /* SBDrawerPresentingAnimatedTransitioningController.swift */; };
		9400748A2AE8EBCC0042F816 /* SBDrawerDismissingAnimatedTransitioningController.swift in Sources */ = {isa = PBXBuildFile; fileRef = 940074892AE8EBCC0042F816 /* SBDrawerDismissingAnimatedTransitioningController.swift */; };
		9400748C2AE8EBE70042F816 /* SBDrawerPresentingInteractiveTransition.swift in Sources */ = {isa = PBXBuildFile; fileRef = 9400748B2AE8EBE70042F816 /* SBDrawerPresentingInteractiveTransition.swift */; };
		9400748E2AE8EBF00042F816 /* SBDrawerDismissingInteractiveTransition.swift in Sources */ = {isa = PBXBuildFile; fileRef = 9400748D2AE8EBF00042F816 /* SBDrawerDismissingInteractiveTransition.swift */; };
		940074902AE912F50042F816 /* SBDrawerDimmingView.swift in Sources */ = {isa = PBXBuildFile; fileRef = 9400748F2AE912F50042F816 /* SBDrawerDimmingView.swift */; };
/* End PBXBuildFile section */

/* Begin PBXContainerItemProxy section */
		9400740E2AE8A9510042F816 /* PBXContainerItemProxy */ = {
			isa = PBXContainerItemProxy;
			containerPortal = 940073FB2AE8A9510042F816 /* Project object */;
			proxyType = 1;
			remoteGlobalIDString = 940074032AE8A9510042F816;
			remoteInfo = SBDrawer;
		};
/* End PBXContainerItemProxy section */

/* Begin PBXFileReference section */
		940074042AE8A9510042F816 /* SBDrawer.framework */ = {isa = PBXFileReference; explicitFileType = wrapper.framework; includeInIndex = 0; path = SBDrawer.framework; sourceTree = BUILT_PRODUCTS_DIR; };
		9400740C2AE8A9510042F816 /* SBDrawerTests.xctest */ = {isa = PBXFileReference; explicitFileType = wrapper.cfbundle; includeInIndex = 0; path = SBDrawerTests.xctest; sourceTree = BUILT_PRODUCTS_DIR; };
		940074422AE8A9B20042F816 /* SBDrawerTests.swift */ = {isa = PBXFileReference; fileEncoding = 4; lastKnownFileType = sourcecode.swift; name = SBDrawerTests.swift; path = Tests/SBDrawerTests.swift; sourceTree = "<group>"; };
		940074792AE8B6870042F816 /* UIViewController+SBDrawer.swift */ = {isa = PBXFileReference; lastKnownFileType = sourcecode.swift; path = "UIViewController+SBDrawer.swift"; sourceTree = "<group>"; };
		9400747C2AE8BD0E0042F816 /* Runtime.swift */ = {isa = PBXFileReference; lastKnownFileType = sourcecode.swift; path = Runtime.swift; sourceTree = "<group>"; };
		9400747F2AE8C0450042F816 /* SBDrawer.swift */ = {isa = PBXFileReference; lastKnownFileType = sourcecode.swift; path = SBDrawer.swift; sourceTree = "<group>"; };
		940074832AE8E6830042F816 /* SBDrawerTransitioningController.swift */ = {isa = PBXFileReference; lastKnownFileType = sourcecode.swift; path = SBDrawerTransitioningController.swift; sourceTree = "<group>"; };
		940074852AE8E86D0042F816 /* SBDrawerPresentationController.swift */ = {isa = PBXFileReference; lastKnownFileType = sourcecode.swift; path = SBDrawerPresentationController.swift; sourceTree = "<group>"; };
		940074872AE8EBC20042F816 /* SBDrawerPresentingAnimatedTransitioningController.swift */ = {isa = PBXFileReference; lastKnownFileType = sourcecode.swift; path = SBDrawerPresentingAnimatedTransitioningController.swift; sourceTree = "<group>"; };
		940074892AE8EBCC0042F816 /* SBDrawerDismissingAnimatedTransitioningController.swift */ = {isa = PBXFileReference; lastKnownFileType = sourcecode.swift; path = SBDrawerDismissingAnimatedTransitioningController.swift; sourceTree = "<group>"; };
		9400748B2AE8EBE70042F816 /* SBDrawerPresentingInteractiveTransition.swift */ = {isa = PBXFileReference; lastKnownFileType = sourcecode.swift; path = SBDrawerPresentingInteractiveTransition.swift; sourceTree = "<group>"; };
		9400748D2AE8EBF00042F816 /* SBDrawerDismissingInteractiveTransition.swift */ = {isa = PBXFileReference; lastKnownFileType = sourcecode.swift; path = SBDrawerDismissingInteractiveTransition.swift; sourceTree = "<group>"; };
		9400748F2AE912F50042F816 /* SBDrawerDimmingView.swift */ = {isa = PBXFileReference; lastKnownFileType = sourcecode.swift; path = SBDrawerDimmingView.swift; sourceTree = "<group>"; };
/* End PBXFileReference section */

/* Begin PBXFrameworksBuildPhase section */
		940074012AE8A9510042F816 /* Frameworks */ = {
			isa = PBXFrameworksBuildPhase;
			buildActionMask = 2147483647;
			files = (
			);
			runOnlyForDeploymentPostprocessing = 0;
		};
		940074092AE8A9510042F816 /* Frameworks */ = {
			isa = PBXFrameworksBuildPhase;
			buildActionMask = 2147483647;
			files = (
				9400740D2AE8A9510042F816 /* SBDrawer.framework in Frameworks */,
			);
			runOnlyForDeploymentPostprocessing = 0;
		};
/* End PBXFrameworksBuildPhase section */

/* Begin PBXGroup section */
		940073FA2AE8A9510042F816 = {
			isa = PBXGroup;
			children = (
				9400743E2AE8A9A10042F816 /* Sources */,
				9400743C2AE8A9A10042F816 /* Tests */,
				940074052AE8A9510042F816 /* Products */,
			);
			sourceTree = "<group>";
		};
		940074052AE8A9510042F816 /* Products */ = {
			isa = PBXGroup;
			children = (
				940074042AE8A9510042F816 /* SBDrawer.framework */,
				9400740C2AE8A9510042F816 /* SBDrawerTests.xctest */,
			);
			name = Products;
			sourceTree = "<group>";
		};
		9400743C2AE8A9A10042F816 /* Tests */ = {
			isa = PBXGroup;
			children = (
				940074422AE8A9B20042F816 /* SBDrawerTests.swift */,
			);
			name = Tests;
			sourceTree = "<group>";
		};
		9400743E2AE8A9A10042F816 /* Sources */ = {
			isa = PBXGroup;
			children = (
				9400747E2AE8BD8F0042F816 /* Core */,
				940074782AE8B66B0042F816 /* Extensions */,
				9400747B2AE8BCF50042F816 /* Utils */,
			);
			path = Sources;
			sourceTree = "<group>";
		};
		940074782AE8B66B0042F816 /* Extensions */ = {
			isa = PBXGroup;
			children = (
				940074792AE8B6870042F816 /* UIViewController+SBDrawer.swift */,
			);
			path = Extensions;
			sourceTree = "<group>";
		};
		9400747B2AE8BCF50042F816 /* Utils */ = {
			isa = PBXGroup;
			children = (
				9400747C2AE8BD0E0042F816 /* Runtime.swift */,
			);
			path = Utils;
			sourceTree = "<group>";
		};
		9400747E2AE8BD8F0042F816 /* Core */ = {
			isa = PBXGroup;
			children = (
				9400747F2AE8C0450042F816 /* SBDrawer.swift */,
				940074872AE8EBC20042F816 /* SBDrawerPresentingAnimatedTransitioningController.swift */,
				940074892AE8EBCC0042F816 /* SBDrawerDismissingAnimatedTransitioningController.swift */,
				9400748B2AE8EBE70042F816 /* SBDrawerPresentingInteractiveTransition.swift */,
				9400748D2AE8EBF00042F816 /* SBDrawerDismissingInteractiveTransition.swift */,
				9400748F2AE912F50042F816 /* SBDrawerDimmingView.swift */,
				940074852AE8E86D0042F816 /* SBDrawerPresentationController.swift */,
				940074832AE8E6830042F816 /* SBDrawerTransitioningController.swift */,
			);
			path = Core;
			sourceTree = "<group>";
		};
/* End PBXGroup section */

/* Begin PBXHeadersBuildPhase section */
		940073FF2AE8A9510042F816 /* Headers */ = {
			isa = PBXHeadersBuildPhase;
			buildActionMask = 2147483647;
			files = (
			);
			runOnlyForDeploymentPostprocessing = 0;
		};
/* End PBXHeadersBuildPhase section */

/* Begin PBXNativeTarget section */
		940074032AE8A9510042F816 /* SBDrawer */ = {
			isa = PBXNativeTarget;
			buildConfigurationList = 940074162AE8A9510042F816 /* Build configuration list for PBXNativeTarget "SBDrawer" */;
			buildPhases = (
				940073FF2AE8A9510042F816 /* Headers */,
				940074002AE8A9510042F816 /* Sources */,
				940074012AE8A9510042F816 /* Frameworks */,
				940074022AE8A9510042F816 /* Resources */,
			);
			buildRules = (
			);
			dependencies = (
			);
			name = SBDrawer;
			productName = SBDrawer;
			productReference = 940074042AE8A9510042F816 /* SBDrawer.framework */;
			productType = "com.apple.product-type.framework";
		};
		9400740B2AE8A9510042F816 /* SBDrawerTests */ = {
			isa = PBXNativeTarget;
			buildConfigurationList = 940074192AE8A9510042F816 /* Build configuration list for PBXNativeTarget "SBDrawerTests" */;
			buildPhases = (
				940074082AE8A9510042F816 /* Sources */,
				940074092AE8A9510042F816 /* Frameworks */,
				9400740A2AE8A9510042F816 /* Resources */,
			);
			buildRules = (
			);
			dependencies = (
				9400740F2AE8A9510042F816 /* PBXTargetDependency */,
			);
			name = SBDrawerTests;
			productName = SBDrawerTests;
			productReference = 9400740C2AE8A9510042F816 /* SBDrawerTests.xctest */;
			productType = "com.apple.product-type.bundle.unit-test";
		};
/* End PBXNativeTarget section */

/* Begin PBXProject section */
		940073FB2AE8A9510042F816 /* Project object */ = {
			isa = PBXProject;
			attributes = {
				BuildIndependentTargetsInParallel = 1;
				LastSwiftUpdateCheck = 1430;
				LastUpgradeCheck = 1430;
				TargetAttributes = {
					940074032AE8A9510042F816 = {
						CreatedOnToolsVersion = 14.3.1;
						LastSwiftMigration = 1430;
					};
					9400740B2AE8A9510042F816 = {
						CreatedOnToolsVersion = 14.3.1;
						LastSwiftMigration = 1430;
					};
				};
			};
			buildConfigurationList = 940073FE2AE8A9510042F816 /* Build configuration list for PBXProject "SBDrawer" */;
			compatibilityVersion = "Xcode 14.0";
			developmentRegion = en;
			hasScannedForEncodings = 0;
			knownRegions = (
				en,
				Base,
			);
			mainGroup = 940073FA2AE8A9510042F816;
			productRefGroup = 940074052AE8A9510042F816 /* Products */;
			projectDirPath = "";
			projectRoot = "";
			targets = (
				940074032AE8A9510042F816 /* SBDrawer */,
				9400740B2AE8A9510042F816 /* SBDrawerTests */,
			);
		};
/* End PBXProject section */

/* Begin PBXResourcesBuildPhase section */
		940074022AE8A9510042F816 /* Resources */ = {
			isa = PBXResourcesBuildPhase;
			buildActionMask = 2147483647;
			files = (
			);
			runOnlyForDeploymentPostprocessing = 0;
		};
		9400740A2AE8A9510042F816 /* Resources */ = {
			isa = PBXResourcesBuildPhase;
			buildActionMask = 2147483647;
			files = (
			);
			runOnlyForDeploymentPostprocessing = 0;
		};
/* End PBXResourcesBuildPhase section */

/* Begin PBXSourcesBuildPhase section */
		940074002AE8A9510042F816 /* Sources */ = {
			isa = PBXSourcesBuildPhase;
			buildActionMask = 2147483647;
			files = (
				940074902AE912F50042F816 /* SBDrawerDimmingView.swift in Sources */,
				9400747D2AE8BD0E0042F816 /* Runtime.swift in Sources */,
				940074882AE8EBC20042F816 /* SBDrawerPresentingAnimatedTransitioningController.swift in Sources */,
				9400748C2AE8EBE70042F816 /* SBDrawerPresentingInteractiveTransition.swift in Sources */,
				940074802AE8C0450042F816 /* SBDrawer.swift in Sources */,
				9400748E2AE8EBF00042F816 /* SBDrawerDismissingInteractiveTransition.swift in Sources */,
				9400747A2AE8B6870042F816 /* UIViewController+SBDrawer.swift in Sources */,
				9400748A2AE8EBCC0042F816 /* SBDrawerDismissingAnimatedTransitioningController.swift in Sources */,
				940074862AE8E86D0042F816 /* SBDrawerPresentationController.swift in Sources */,
				940074842AE8E6830042F816 /* SBDrawerTransitioningController.swift in Sources */,
			);
			runOnlyForDeploymentPostprocessing = 0;
		};
		940074082AE8A9510042F816 /* Sources */ = {
			isa = PBXSourcesBuildPhase;
			buildActionMask = 2147483647;
			files = (
				940074432AE8A9B20042F816 /* SBDrawerTests.swift in Sources */,
			);
			runOnlyForDeploymentPostprocessing = 0;
		};
/* End PBXSourcesBuildPhase section */

/* Begin PBXTargetDependency section */
		9400740F2AE8A9510042F816 /* PBXTargetDependency */ = {
			isa = PBXTargetDependency;
			target = 940074032AE8A9510042F816 /* SBDrawer */;
			targetProxy = 9400740E2AE8A9510042F816 /* PBXContainerItemProxy */;
		};
/* End PBXTargetDependency section */

/* Begin XCBuildConfiguration section */
		940074142AE8A9510042F816 /* Debug */ = {
			isa = XCBuildConfiguration;
			buildSettings = {
				ALWAYS_SEARCH_USER_PATHS = NO;
				CLANG_ANALYZER_NONNULL = YES;
				CLANG_ANALYZER_NUMBER_OBJECT_CONVERSION = YES_AGGRESSIVE;
				CLANG_CXX_LANGUAGE_STANDARD = "gnu++20";
				CLANG_ENABLE_MODULES = YES;
				CLANG_ENABLE_OBJC_ARC = YES;
				CLANG_ENABLE_OBJC_WEAK = YES;
				CLANG_WARN_BLOCK_CAPTURE_AUTORELEASING = YES;
				CLANG_WARN_BOOL_CONVERSION = YES;
				CLANG_WARN_COMMA = YES;
				CLANG_WARN_CONSTANT_CONVERSION = YES;
				CLANG_WARN_DEPRECATED_OBJC_IMPLEMENTATIONS = YES;
				CLANG_WARN_DIRECT_OBJC_ISA_USAGE = YES_ERROR;
				CLANG_WARN_DOCUMENTATION_COMMENTS = YES;
				CLANG_WARN_EMPTY_BODY = YES;
				CLANG_WARN_ENUM_CONVERSION = YES;
				CLANG_WARN_INFINITE_RECURSION = YES;
				CLANG_WARN_INT_CONVERSION = YES;
				CLANG_WARN_NON_LITERAL_NULL_CONVERSION = YES;
				CLANG_WARN_OBJC_IMPLICIT_RETAIN_SELF = YES;
				CLANG_WARN_OBJC_LITERAL_CONVERSION = YES;
				CLANG_WARN_OBJC_ROOT_CLASS = YES_ERROR;
				CLANG_WARN_QUOTED_INCLUDE_IN_FRAMEWORK_HEADER = YES;
				CLANG_WARN_RANGE_LOOP_ANALYSIS = YES;
				CLANG_WARN_STRICT_PROTOTYPES = YES;
				CLANG_WARN_SUSPICIOUS_MOVE = YES;
				CLANG_WARN_UNGUARDED_AVAILABILITY = YES_AGGRESSIVE;
				CLANG_WARN_UNREACHABLE_CODE = YES;
				CLANG_WARN__DUPLICATE_METHOD_MATCH = YES;
				COPY_PHASE_STRIP = NO;
				CURRENT_PROJECT_VERSION = 1;
				DEBUG_INFORMATION_FORMAT = dwarf;
				ENABLE_STRICT_OBJC_MSGSEND = YES;
				ENABLE_TESTABILITY = YES;
				GCC_C_LANGUAGE_STANDARD = gnu11;
				GCC_DYNAMIC_NO_PIC = NO;
				GCC_NO_COMMON_BLOCKS = YES;
				GCC_OPTIMIZATION_LEVEL = 0;
				GCC_PREPROCESSOR_DEFINITIONS = (
					"DEBUG=1",
					"$(inherited)",
				);
				GCC_WARN_64_TO_32_BIT_CONVERSION = YES;
				GCC_WARN_ABOUT_RETURN_TYPE = YES_ERROR;
				GCC_WARN_UNDECLARED_SELECTOR = YES;
				GCC_WARN_UNINITIALIZED_AUTOS = YES_AGGRESSIVE;
				GCC_WARN_UNUSED_FUNCTION = YES;
				GCC_WARN_UNUSED_VARIABLE = YES;
				IPHONEOS_DEPLOYMENT_TARGET = 11.0;
				MTL_ENABLE_DEBUG_INFO = INCLUDE_SOURCE;
				MTL_FAST_MATH = YES;
				ONLY_ACTIVE_ARCH = YES;
				SDKROOT = iphoneos;
				SWIFT_ACTIVE_COMPILATION_CONDITIONS = DEBUG;
				SWIFT_OPTIMIZATION_LEVEL = "-Onone";
				SWIFT_VERSION = 5.0;
				VERSIONING_SYSTEM = "apple-generic";
				VERSION_INFO_PREFIX = "";
			};
			name = Debug;
		};
		940074152AE8A9510042F816 /* Release */ = {
			isa = XCBuildConfiguration;
			buildSettings = {
				ALWAYS_SEARCH_USER_PATHS = NO;
				CLANG_ANALYZER_NONNULL = YES;
				CLANG_ANALYZER_NUMBER_OBJECT_CONVERSION = YES_AGGRESSIVE;
				CLANG_CXX_LANGUAGE_STANDARD = "gnu++20";
				CLANG_ENABLE_MODULES = YES;
				CLANG_ENABLE_OBJC_ARC = YES;
				CLANG_ENABLE_OBJC_WEAK = YES;
				CLANG_WARN_BLOCK_CAPTURE_AUTORELEASING = YES;
				CLANG_WARN_BOOL_CONVERSION = YES;
				CLANG_WARN_COMMA = YES;
				CLANG_WARN_CONSTANT_CONVERSION = YES;
				CLANG_WARN_DEPRECATED_OBJC_IMPLEMENTATIONS = YES;
				CLANG_WARN_DIRECT_OBJC_ISA_USAGE = YES_ERROR;
				CLANG_WARN_DOCUMENTATION_COMMENTS = YES;
				CLANG_WARN_EMPTY_BODY = YES;
				CLANG_WARN_ENUM_CONVERSION = YES;
				CLANG_WARN_INFINITE_RECURSION = YES;
				CLANG_WARN_INT_CONVERSION = YES;
				CLANG_WARN_NON_LITERAL_NULL_CONVERSION = YES;
				CLANG_WARN_OBJC_IMPLICIT_RETAIN_SELF = YES;
				CLANG_WARN_OBJC_LITERAL_CONVERSION = YES;
				CLANG_WARN_OBJC_ROOT_CLASS = YES_ERROR;
				CLANG_WARN_QUOTED_INCLUDE_IN_FRAMEWORK_HEADER = YES;
				CLANG_WARN_RANGE_LOOP_ANALYSIS = YES;
				CLANG_WARN_STRICT_PROTOTYPES = YES;
				CLANG_WARN_SUSPICIOUS_MOVE = YES;
				CLANG_WARN_UNGUARDED_AVAILABILITY = YES_AGGRESSIVE;
				CLANG_WARN_UNREACHABLE_CODE = YES;
				CLANG_WARN__DUPLICATE_METHOD_MATCH = YES;
				COPY_PHASE_STRIP = NO;
				CURRENT_PROJECT_VERSION = 1;
				DEBUG_INFORMATION_FORMAT = "dwarf-with-dsym";
				ENABLE_NS_ASSERTIONS = NO;
				ENABLE_STRICT_OBJC_MSGSEND = YES;
				GCC_C_LANGUAGE_STANDARD = gnu11;
				GCC_NO_COMMON_BLOCKS = YES;
				GCC_WARN_64_TO_32_BIT_CONVERSION = YES;
				GCC_WARN_ABOUT_RETURN_TYPE = YES_ERROR;
				GCC_WARN_UNDECLARED_SELECTOR = YES;
				GCC_WARN_UNINITIALIZED_AUTOS = YES_AGGRESSIVE;
				GCC_WARN_UNUSED_FUNCTION = YES;
				GCC_WARN_UNUSED_VARIABLE = YES;
				IPHONEOS_DEPLOYMENT_TARGET = 11.0;
				MTL_ENABLE_DEBUG_INFO = NO;
				MTL_FAST_MATH = YES;
				SDKROOT = iphoneos;
				SWIFT_COMPILATION_MODE = wholemodule;
				SWIFT_OPTIMIZATION_LEVEL = "-O";
				SWIFT_VERSION = 5.0;
				VALIDATE_PRODUCT = YES;
				VERSIONING_SYSTEM = "apple-generic";
				VERSION_INFO_PREFIX = "";
			};
			name = Release;
		};
		940074172AE8A9510042F816 /* Debug */ = {
			isa = XCBuildConfiguration;
			buildSettings = {
				CLANG_ENABLE_MODULES = YES;
				CODE_SIGN_STYLE = Automatic;
				CURRENT_PROJECT_VERSION = 1;
				DEFINES_MODULE = YES;
				DYLIB_COMPATIBILITY_VERSION = 1;
				DYLIB_CURRENT_VERSION = 1;
				DYLIB_INSTALL_NAME_BASE = "@rpath";
				ENABLE_MODULE_VERIFIER = YES;
				GENERATE_INFOPLIST_FILE = YES;
				INFOPLIST_KEY_NSHumanReadableCopyright = "";
				INSTALL_PATH = "$(LOCAL_LIBRARY_DIR)/Frameworks";
				LD_RUNPATH_SEARCH_PATHS = (
					"$(inherited)",
					"@executable_path/Frameworks",
					"@loader_path/Frameworks",
				);
				MARKETING_VERSION = 1.0;
				MODULE_VERIFIER_SUPPORTED_LANGUAGES = "objective-c objective-c++";
				MODULE_VERIFIER_SUPPORTED_LANGUAGE_STANDARDS = "gnu11 gnu++20";
				PRODUCT_BUNDLE_IDENTIFIER = com.max.SBDrawer;
				PRODUCT_NAME = "$(TARGET_NAME:c99extidentifier)";
				SKIP_INSTALL = YES;
				SWIFT_EMIT_LOC_STRINGS = YES;
				SWIFT_OPTIMIZATION_LEVEL = "-Onone";
				SWIFT_VERSION = 5.0;
				TARGETED_DEVICE_FAMILY = "1,2";
			};
			name = Debug;
		};
		940074182AE8A9510042F816 /* Release */ = {
			isa = XCBuildConfiguration;
			buildSettings = {
				CLANG_ENABLE_MODULES = YES;
				CODE_SIGN_STYLE = Automatic;
				CURRENT_PROJECT_VERSION = 1;
				DEFINES_MODULE = YES;
				DYLIB_COMPATIBILITY_VERSION = 1;
				DYLIB_CURRENT_VERSION = 1;
				DYLIB_INSTALL_NAME_BASE = "@rpath";
				ENABLE_MODULE_VERIFIER = YES;
				GENERATE_INFOPLIST_FILE = YES;
				INFOPLIST_KEY_NSHumanReadableCopyright = "";
				INSTALL_PATH = "$(LOCAL_LIBRARY_DIR)/Frameworks";
				LD_RUNPATH_SEARCH_PATHS = (
					"$(inherited)",
					"@executable_path/Frameworks",
					"@loader_path/Frameworks",
				);
				MARKETING_VERSION = 1.0;
				MODULE_VERIFIER_SUPPORTED_LANGUAGES = "objective-c objective-c++";
				MODULE_VERIFIER_SUPPORTED_LANGUAGE_STANDARDS = "gnu11 gnu++20";
				PRODUCT_BUNDLE_IDENTIFIER = com.max.SBDrawer;
				PRODUCT_NAME = "$(TARGET_NAME:c99extidentifier)";
				SKIP_INSTALL = YES;
				SWIFT_EMIT_LOC_STRINGS = YES;
				SWIFT_VERSION = 5.0;
				TARGETED_DEVICE_FAMILY = "1,2";
			};
			name = Release;
		};
		9400741A2AE8A9510042F816 /* Debug */ = {
			isa = XCBuildConfiguration;
			buildSettings = {
				ALWAYS_EMBED_SWIFT_STANDARD_LIBRARIES = YES;
				CLANG_ENABLE_MODULES = YES;
				CODE_SIGN_STYLE = Automatic;
				CURRENT_PROJECT_VERSION = 1;
				GENERATE_INFOPLIST_FILE = YES;
				MARKETING_VERSION = 1.0;
				PRODUCT_BUNDLE_IDENTIFIER = com.max.SBDrawerTests;
				PRODUCT_NAME = "$(TARGET_NAME)";
				SWIFT_EMIT_LOC_STRINGS = NO;
				SWIFT_OPTIMIZATION_LEVEL = "-Onone";
				SWIFT_VERSION = 5.0;
				TARGETED_DEVICE_FAMILY = "1,2";
			};
			name = Debug;
		};
		9400741B2AE8A9510042F816 /* Release */ = {
			isa = XCBuildConfiguration;
			buildSettings = {
				ALWAYS_EMBED_SWIFT_STANDARD_LIBRARIES = YES;
				CLANG_ENABLE_MODULES = YES;
				CODE_SIGN_STYLE = Automatic;
				CURRENT_PROJECT_VERSION = 1;
				GENERATE_INFOPLIST_FILE = YES;
				MARKETING_VERSION = 1.0;
				PRODUCT_BUNDLE_IDENTIFIER = com.max.SBDrawerTests;
				PRODUCT_NAME = "$(TARGET_NAME)";
				SWIFT_EMIT_LOC_STRINGS = NO;
				SWIFT_VERSION = 5.0;
				TARGETED_DEVICE_FAMILY = "1,2";
			};
			name = Release;
		};
/* End XCBuildConfiguration section */

/* Begin XCConfigurationList section */
		940073FE2AE8A9510042F816 /* Build configuration list for PBXProject "SBDrawer" */ = {
			isa = XCConfigurationList;
			buildConfigurations = (
				940074142AE8A9510042F816 /* Debug */,
				940074152AE8A9510042F816 /* Release */,
			);
			defaultConfigurationIsVisible = 0;
			defaultConfigurationName = Release;
		};
		940074162AE8A9510042F816 /* Build configuration list for PBXNativeTarget "SBDrawer" */ = {
			isa = XCConfigurationList;
			buildConfigurations = (
				940074172AE8A9510042F816 /* Debug */,
				940074182AE8A9510042F816 /* Release */,
			);
			defaultConfigurationIsVisible = 0;
			defaultConfigurationName = Release;
		};
		940074192AE8A9510042F816 /* Build configuration list for PBXNativeTarget "SBDrawerTests" */ = {
			isa = XCConfigurationList;
			buildConfigurations = (
				9400741A2AE8A9510042F816 /* Debug */,
				9400741B2AE8A9510042F816 /* Release */,
			);
			defaultConfigurationIsVisible = 0;
			defaultConfigurationName = Release;
		};
/* End XCConfigurationList section */
	};
	rootObject = 940073FB2AE8A9510042F816 /* Project object */;
}
